{
  "name": "openam-ui-api",
  "version": "14.0.0",
  "dependencies": {
    "abbrev": {
      "version": "1.0.9",
      "from": "abbrev@>=1.0.0 <2.0.0",
      "resolved": "https://registry.npmjs.org/abbrev/-/abbrev-1.0.9.tgz"
    },
    "ansi-regex": {
      "version": "2.0.0",
      "from": "ansi-regex@>=2.0.0 <3.0.0",
      "resolved": "http://maven.forgerock.org/repo/api/npm/npm-virtual/ansi-regex/-/ansi-regex-2.0.0.tgz"
    },
    "ansi-styles": {
      "version": "2.2.1",
      "from": "ansi-styles@>=2.2.1 <3.0.0",
      "resolved": "https://registry.npmjs.org/ansi-styles/-/ansi-styles-2.2.1.tgz"
    },
    "argparse": {
      "version": "1.0.7",
      "from": "argparse@>=1.0.2 <2.0.0",
      "resolved": "http://maven.forgerock.org/repo/api/npm/npm-virtual/argparse/-/argparse-1.0.7.tgz"
    },
    "array-find-index": {
      "version": "1.0.1",
      "from": "array-find-index@>=1.0.1 <2.0.0",
      "resolved": "http://maven.forgerock.org/repo/api/npm/npm-virtual/array-find-index/-/array-find-index-1.0.1.tgz"
    },
    "async": {
      "version": "1.5.2",
      "from": "async@>=1.5.2 <1.6.0",
      "resolved": "http://maven.forgerock.org/repo/api/npm/npm-virtual/async/-/async-1.5.2.tgz"
    },
    "balanced-match": {
      "version": "0.4.2",
      "from": "balanced-match@>=0.4.1 <0.5.0",
      "resolved": "https://registry.npmjs.org/balanced-match/-/balanced-match-0.4.2.tgz"
    },
    "brace-expansion": {
      "version": "1.1.6",
      "from": "brace-expansion@>=1.0.0 <2.0.0",
      "resolved": "http://maven.forgerock.org/repo/api/npm/npm-virtual/brace-expansion/-/brace-expansion-1.1.6.tgz"
    },
    "builtin-modules": {
      "version": "1.1.1",
      "from": "builtin-modules@>=1.0.0 <2.0.0",
      "resolved": "http://maven.forgerock.org/repo/api/npm/npm-virtual/builtin-modules/-/builtin-modules-1.1.1.tgz"
    },
    "camelcase": {
      "version": "2.1.1",
      "from": "camelcase@>=2.0.0 <3.0.0",
      "resolved": "http://maven.forgerock.org/repo/api/npm/npm-virtual/camelcase/-/camelcase-2.1.1.tgz"
    },
    "camelcase-keys": {
      "version": "2.1.0",
      "from": "camelcase-keys@>=2.0.0 <3.0.0",
      "resolved": "http://maven.forgerock.org/repo/api/npm/npm-virtual/camelcase-keys/-/camelcase-keys-2.1.0.tgz"
    },
    "chalk": {
      "version": "1.1.3",
      "from": "chalk@>=1.1.1 <1.2.0",
      "resolved": "https://registry.npmjs.org/chalk/-/chalk-1.1.3.tgz"
    },
    "coffee-script": {
      "version": "1.10.0",
      "from": "coffee-script@>=1.10.0 <1.11.0",
      "resolved": "http://maven.forgerock.org/repo/api/npm/npm-virtual/coffee-script/-/coffee-script-1.10.0.tgz"
    },
    "colors": {
      "version": "1.1.2",
      "from": "colors@>=1.1.2 <1.2.0",
      "resolved": "http://maven.forgerock.org/repo/api/npm/npm-virtual/colors/-/colors-1.1.2.tgz"
    },
    "concat-map": {
      "version": "0.0.1",
      "from": "concat-map@0.0.1",
      "resolved": "https://registry.npmjs.org/concat-map/-/concat-map-0.0.1.tgz"
    },
    "currently-unhandled": {
      "version": "0.4.1",
      "from": "currently-unhandled@>=0.4.1 <0.5.0",
      "resolved": "http://maven.forgerock.org/repo/api/npm/npm-virtual/currently-unhandled/-/currently-unhandled-0.4.1.tgz"
    },
    "dateformat": {
      "version": "1.0.12",
      "from": "dateformat@>=1.0.12 <1.1.0",
      "resolved": "http://maven.forgerock.org/repo/api/npm/npm-virtual/dateformat/-/dateformat-1.0.12.tgz"
    },
    "decamelize": {
      "version": "1.2.0",
      "from": "decamelize@>=1.1.2 <2.0.0",
      "resolved": "http://maven.forgerock.org/repo/api/npm/npm-virtual/decamelize/-/decamelize-1.2.0.tgz"
    },
    "error-ex": {
      "version": "1.3.0",
      "from": "error-ex@>=1.2.0 <2.0.0",
      "resolved": "http://maven.forgerock.org/repo/api/npm/npm-virtual/error-ex/-/error-ex-1.3.0.tgz"
    },
    "escape-string-regexp": {
      "version": "1.0.5",
      "from": "escape-string-regexp@>=1.0.2 <2.0.0",
      "resolved": "https://registry.npmjs.org/escape-string-regexp/-/escape-string-regexp-1.0.5.tgz"
    },
    "esprima": {
      "version": "2.7.2",
      "from": "esprima@>=2.6.0 <3.0.0",
      "resolved": "http://maven.forgerock.org/repo/api/npm/npm-virtual/esprima/-/esprima-2.7.2.tgz"
    },
    "eventemitter2": {
      "version": "0.4.14",
      "from": "eventemitter2@>=0.4.13 <0.5.0",
      "resolved": "http://maven.forgerock.org/repo/api/npm/npm-virtual/eventemitter2/-/eventemitter2-0.4.14.tgz"
    },
    "exit": {
      "version": "0.1.2",
      "from": "exit@>=0.1.1 <0.2.0",
      "resolved": "http://maven.forgerock.org/repo/api/npm/npm-virtual/exit/-/exit-0.1.2.tgz"
    },
    "file-sync-cmp": {
      "version": "0.1.1",
      "from": "file-sync-cmp@>=0.1.0 <0.2.0",
      "resolved": "http://maven.forgerock.org/repo/api/npm/npm-virtual/file-sync-cmp/-/file-sync-cmp-0.1.1.tgz"
    },
    "find-up": {
      "version": "1.1.2",
      "from": "find-up@>=1.0.0 <2.0.0",
      "resolved": "https://registry.npmjs.org/find-up/-/find-up-1.1.2.tgz"
    },
    "findup-sync": {
      "version": "0.3.0",
      "from": "findup-sync@>=0.3.0 <0.4.0",
      "resolved": "http://maven.forgerock.org/repo/api/npm/npm-virtual/findup-sync/-/findup-sync-0.3.0.tgz",
      "dependencies": {
        "glob": {
          "version": "5.0.15",
          "from": "glob@>=5.0.0 <5.1.0",
          "resolved": "http://maven.forgerock.org/repo/api/npm/npm-virtual/glob/-/glob-5.0.15.tgz"
        }
      }
    },
    "fs.realpath": {
      "version": "1.0.0",
      "from": "fs.realpath@>=1.0.0 <2.0.0",
      "resolved": "http://maven.forgerock.org/repo/api/npm/npm-virtual/fs.realpath/-/fs.realpath-1.0.0.tgz"
    },
    "get-stdin": {
      "version": "4.0.1",
      "from": "get-stdin@>=4.0.1 <5.0.0",
      "resolved": "http://maven.forgerock.org/repo/api/npm/npm-virtual/get-stdin/-/get-stdin-4.0.1.tgz"
    },
    "getobject": {
      "version": "0.1.0",
      "from": "getobject@>=0.1.0 <0.2.0",
      "resolved": "http://maven.forgerock.org/repo/api/npm/npm-virtual/getobject/-/getobject-0.1.0.tgz"
    },
    "glob": {
      "version": "7.0.5",
      "from": "glob@>=7.0.0 <7.1.0",
      "resolved": "https://registry.npmjs.org/glob/-/glob-7.0.5.tgz"
    },
    "graceful-fs": {
      "version": "4.1.5",
      "from": "graceful-fs@>=4.1.2 <5.0.0",
      "resolved": "https://registry.npmjs.org/graceful-fs/-/graceful-fs-4.1.5.tgz"
    },
    "grunt": {
      "version": "1.0.1",
      "from": "grunt@1.0.1",
      "resolved": "http://maven.forgerock.org/repo/api/npm/npm-virtual/grunt/-/grunt-1.0.1.tgz"
    },
    "grunt-cli": {
      "version": "1.2.0",
      "from": "grunt-cli@1.2.0",
      "resolved": "http://maven.forgerock.org/repo/api/npm/npm-virtual/grunt-cli/-/grunt-cli-1.2.0.tgz"
    },
    "grunt-contrib-copy": {
      "version": "1.0.0",
      "from": "grunt-contrib-copy@1.0.0",
      "resolved": "http://maven.forgerock.org/repo/api/npm/npm-virtual/grunt-contrib-copy/-/grunt-contrib-copy-1.0.0.tgz"
    },
    "grunt-known-options": {
      "version": "1.1.0",
      "from": "grunt-known-options@>=1.1.0 <1.2.0",
      "resolved": "http://maven.forgerock.org/repo/api/npm/npm-virtual/grunt-known-options/-/grunt-known-options-1.1.0.tgz"
    },
    "grunt-legacy-log": {
      "version": "1.0.0",
      "from": "grunt-legacy-log@>=1.0.0 <1.1.0",
      "resolved": "http://maven.forgerock.org/repo/api/npm/npm-virtual/grunt-legacy-log/-/grunt-legacy-log-1.0.0.tgz"
    },
    "grunt-legacy-log-utils": {
      "version": "1.0.0",
      "from": "grunt-legacy-log-utils@>=1.0.0 <1.1.0",
      "resolved": "http://maven.forgerock.org/repo/api/npm/npm-virtual/grunt-legacy-log-utils/-/grunt-legacy-log-utils-1.0.0.tgz",
      "dependencies": {
        "lodash": {
          "version": "4.3.0",
          "from": "lodash@>=4.3.0 <4.4.0",
          "resolved": "http://maven.forgerock.org/repo/api/npm/npm-virtual/lodash/-/lodash-4.3.0.tgz"
        }
      }
    },
    "grunt-legacy-util": {
      "version": "1.0.0",
      "from": "grunt-legacy-util@>=1.0.0 <1.1.0",
      "resolved": "http://maven.forgerock.org/repo/api/npm/npm-virtual/grunt-legacy-util/-/grunt-legacy-util-1.0.0.tgz",
      "dependencies": {
        "lodash": {
          "version": "4.3.0",
          "from": "lodash@>=4.3.0 <4.4.0",
          "resolved": "http://maven.forgerock.org/repo/api/npm/npm-virtual/lodash/-/lodash-4.3.0.tgz"
        }
      }
    },
    "has-ansi": {
      "version": "2.0.0",
      "from": "has-ansi@>=2.0.0 <3.0.0",
      "resolved": "http://maven.forgerock.org/repo/api/npm/npm-virtual/has-ansi/-/has-ansi-2.0.0.tgz"
    },
    "hooker": {
      "version": "0.2.3",
      "from": "hooker@>=0.2.3 <0.3.0",
      "resolved": "http://maven.forgerock.org/repo/api/npm/npm-virtual/hooker/-/hooker-0.2.3.tgz"
    },
    "hosted-git-info": {
      "version": "2.1.5",
      "from": "hosted-git-info@>=2.1.4 <3.0.0",
      "resolved": "https://registry.npmjs.org/hosted-git-info/-/hosted-git-info-2.1.5.tgz"
    },
    "iconv-lite": {
      "version": "0.4.13",
      "from": "iconv-lite@>=0.4.13 <0.5.0",
      "resolved": "http://maven.forgerock.org/repo/api/npm/npm-virtual/iconv-lite/-/iconv-lite-0.4.13.tgz"
    },
    "indent-string": {
      "version": "2.1.0",
      "from": "indent-string@>=2.1.0 <3.0.0",
      "resolved": "http://maven.forgerock.org/repo/api/npm/npm-virtual/indent-string/-/indent-string-2.1.0.tgz"
    },
    "inflight": {
      "version": "1.0.5",
      "from": "inflight@>=1.0.4 <2.0.0",
      "resolved": "https://registry.npmjs.org/inflight/-/inflight-1.0.5.tgz"
    },
    "inherits": {
      "version": "2.0.1",
      "from": "inherits@>=2.0.0 <3.0.0",
      "resolved": "http://maven.forgerock.org/repo/api/npm/npm-virtual/inherits/-/inherits-2.0.1.tgz"
    },
    "is-arrayish": {
      "version": "0.2.1",
      "from": "is-arrayish@>=0.2.1 <0.3.0",
      "resolved": "http://maven.forgerock.org/repo/api/npm/npm-virtual/is-arrayish/-/is-arrayish-0.2.1.tgz"
    },
    "is-builtin-module": {
      "version": "1.0.0",
      "from": "is-builtin-module@>=1.0.0 <2.0.0",
      "resolved": "http://maven.forgerock.org/repo/api/npm/npm-virtual/is-builtin-module/-/is-builtin-module-1.0.0.tgz"
    },
    "is-finite": {
      "version": "1.0.1",
      "from": "is-finite@>=1.0.0 <2.0.0",
      "resolved": "http://maven.forgerock.org/repo/api/npm/npm-virtual/is-finite/-/is-finite-1.0.1.tgz"
    },
    "is-utf8": {
      "version": "0.2.1",
      "from": "is-utf8@>=0.2.0 <0.3.0",
      "resolved": "http://maven.forgerock.org/repo/api/npm/npm-virtual/is-utf8/-/is-utf8-0.2.1.tgz"
    },
    "isexe": {
      "version": "1.1.2",
      "from": "isexe@>=1.1.1 <2.0.0",
      "resolved": "http://maven.forgerock.org/repo/api/npm/npm-virtual/isexe/-/isexe-1.1.2.tgz"
    },
    "js-yaml": {
      "version": "3.5.5",
      "from": "js-yaml@>=3.5.2 <3.6.0",
      "resolved": "http://maven.forgerock.org/repo/api/npm/npm-virtual/js-yaml/-/js-yaml-3.5.5.tgz"
    },
    "load-json-file": {
      "version": "1.1.0",
      "from": "load-json-file@>=1.0.0 <2.0.0",
      "resolved": "http://maven.forgerock.org/repo/api/npm/npm-virtual/load-json-file/-/load-json-file-1.1.0.tgz"
    },
    "lodash": {
      "version": "3.10.1",
      "from": "lodash@>=3.10.1 <3.11.0",
      "resolved": "http://maven.forgerock.org/repo/api/npm/npm-virtual/lodash/-/lodash-3.10.1.tgz"
    },
    "loud-rejection": {
      "version": "1.6.0",
      "from": "loud-rejection@>=1.0.0 <2.0.0",
      "resolved": "http://maven.forgerock.org/repo/api/npm/npm-virtual/loud-rejection/-/loud-rejection-1.6.0.tgz"
    },
    "map-obj": {
      "version": "1.0.1",
      "from": "map-obj@>=1.0.1 <2.0.0",
      "resolved": "http://maven.forgerock.org/repo/api/npm/npm-virtual/map-obj/-/map-obj-1.0.1.tgz"
    },
    "meow": {
      "version": "3.7.0",
      "from": "meow@>=3.3.0 <4.0.0",
      "resolved": "http://maven.forgerock.org/repo/api/npm/npm-virtual/meow/-/meow-3.7.0.tgz"
    },
    "minimatch": {
      "version": "3.0.3",
      "from": "minimatch@>=3.0.0 <3.1.0",
      "resolved": "https://registry.npmjs.org/minimatch/-/minimatch-3.0.3.tgz"
    },
    "minimist": {
      "version": "1.2.0",
      "from": "minimist@>=1.1.3 <2.0.0",
      "resolved": "http://maven.forgerock.org/repo/api/npm/npm-virtual/minimist/-/minimist-1.2.0.tgz"
    },
    "nopt": {
      "version": "3.0.6",
      "from": "nopt@>=3.0.6 <3.1.0",
      "resolved": "https://registry.npmjs.org/nopt/-/nopt-3.0.6.tgz"
    },
    "normalize-package-data": {
      "version": "2.3.5",
      "from": "normalize-package-data@>=2.3.4 <3.0.0",
      "resolved": "http://maven.forgerock.org/repo/api/npm/npm-virtual/normalize-package-data/-/normalize-package-data-2.3.5.tgz"
    },
    "number-is-nan": {
      "version": "1.0.0",
      "from": "number-is-nan@>=1.0.0 <2.0.0",
      "resolved": "https://registry.npmjs.org/number-is-nan/-/number-is-nan-1.0.0.tgz"
    },
    "object-assign": {
      "version": "4.1.0",
      "from": "object-assign@>=4.0.1 <5.0.0",
      "resolved": "https://registry.npmjs.org/object-assign/-/object-assign-4.1.0.tgz"
    },
    "once": {
      "version": "1.3.3",
      "from": "once@>=1.3.0 <2.0.0",
      "resolved": "http://maven.forgerock.org/repo/api/npm/npm-virtual/once/-/once-1.3.3.tgz"
    },
    "parse-json": {
      "version": "2.2.0",
      "from": "parse-json@>=2.2.0 <3.0.0",
      "resolved": "http://maven.forgerock.org/repo/api/npm/npm-virtual/parse-json/-/parse-json-2.2.0.tgz"
    },
    "path-exists": {
      "version": "2.1.0",
      "from": "path-exists@>=2.0.0 <3.0.0",
      "resolved": "https://registry.npmjs.org/path-exists/-/path-exists-2.1.0.tgz"
    },
    "path-is-absolute": {
      "version": "1.0.0",
      "from": "path-is-absolute@>=1.0.0 <1.1.0",
      "resolved": "https://registry.npmjs.org/path-is-absolute/-/path-is-absolute-1.0.0.tgz"
    },
    "path-type": {
      "version": "1.1.0",
      "from": "path-type@>=1.0.0 <2.0.0",
      "resolved": "http://maven.forgerock.org/repo/api/npm/npm-virtual/path-type/-/path-type-1.1.0.tgz"
    },
    "pify": {
      "version": "2.3.0",
      "from": "pify@>=2.0.0 <3.0.0",
      "resolved": "http://maven.forgerock.org/repo/api/npm/npm-virtual/pify/-/pify-2.3.0.tgz"
    },
    "pinkie": {
      "version": "2.0.4",
      "from": "pinkie@>=2.0.0 <3.0.0",
      "resolved": "http://maven.forgerock.org/repo/api/npm/npm-virtual/pinkie/-/pinkie-2.0.4.tgz"
    },
    "pinkie-promise": {
      "version": "2.0.1",
      "from": "pinkie-promise@>=2.0.0 <3.0.0",
      "resolved": "https://registry.npmjs.org/pinkie-promise/-/pinkie-promise-2.0.1.tgz"
    },
    "read-pkg": {
      "version": "1.1.0",
      "from": "read-pkg@>=1.0.0 <2.0.0",
      "resolved": "http://maven.forgerock.org/repo/api/npm/npm-virtual/read-pkg/-/read-pkg-1.1.0.tgz"
    },
    "read-pkg-up": {
      "version": "1.0.1",
      "from": "read-pkg-up@>=1.0.1 <2.0.0",
      "resolved": "http://maven.forgerock.org/repo/api/npm/npm-virtual/read-pkg-up/-/read-pkg-up-1.0.1.tgz"
    },
    "redent": {
      "version": "1.0.0",
      "from": "redent@>=1.0.0 <2.0.0",
      "resolved": "http://maven.forgerock.org/repo/api/npm/npm-virtual/redent/-/redent-1.0.0.tgz"
    },
    "repeating": {
      "version": "2.0.1",
      "from": "repeating@>=2.0.0 <3.0.0",
      "resolved": "http://maven.forgerock.org/repo/api/npm/npm-virtual/repeating/-/repeating-2.0.1.tgz"
    },
    "resolve": {
      "version": "1.1.7",
      "from": "resolve@>=1.1.0 <1.2.0",
      "resolved": "http://maven.forgerock.org/repo/api/npm/npm-virtual/resolve/-/resolve-1.1.7.tgz"
    },
    "rimraf": {
      "version": "2.2.8",
      "from": "rimraf@>=2.2.8 <2.3.0",
      "resolved": "http://maven.forgerock.org/repo/api/npm/npm-virtual/rimraf/-/rimraf-2.2.8.tgz"
    },
    "semver": {
      "version": "5.3.0",
      "from": "semver@>=2.0.0 <3.0.0||>=3.0.0 <4.0.0||>=4.0.0 <5.0.0||>=5.0.0 <6.0.0",
      "resolved": "http://maven.forgerock.org/repo/api/npm/npm-virtual/semver/-/semver-5.3.0.tgz"
    },
    "signal-exit": {
      "version": "3.0.0",
      "from": "signal-exit@>=3.0.0 <4.0.0",
      "resolved": "http://maven.forgerock.org/repo/api/npm/npm-virtual/signal-exit/-/signal-exit-3.0.0.tgz"
    },
    "spdx-correct": {
      "version": "1.0.2",
      "from": "spdx-correct@>=1.0.0 <1.1.0",
      "resolved": "http://maven.forgerock.org/repo/api/npm/npm-virtual/spdx-correct/-/spdx-correct-1.0.2.tgz"
    },
    "spdx-exceptions": {
      "version": "1.0.5",
      "from": "spdx-exceptions@>=1.0.4 <2.0.0",
      "resolved": "http://maven.forgerock.org/repo/api/npm/npm-virtual/spdx-exceptions/-/spdx-exceptions-1.0.5.tgz"
    },
    "spdx-expression-parse": {
      "version": "1.0.2",
      "from": "spdx-expression-parse@>=1.0.0 <1.1.0",
      "resolved": "http://maven.forgerock.org/repo/api/npm/npm-virtual/spdx-expression-parse/-/spdx-expression-parse-1.0.2.tgz"
    },
    "spdx-license-ids": {
      "version": "1.2.2",
      "from": "spdx-license-ids@>=1.0.2 <2.0.0",
      "resolved": "https://registry.npmjs.org/spdx-license-ids/-/spdx-license-ids-1.2.2.tgz"
    },
    "sprintf-js": {
      "version": "1.0.3",
      "from": "sprintf-js@>=1.0.2 <1.1.0",
      "resolved": "http://maven.forgerock.org/repo/api/npm/npm-virtual/sprintf-js/-/sprintf-js-1.0.3.tgz"
    },
    "strip-ansi": {
      "version": "3.0.1",
      "from": "strip-ansi@>=3.0.0 <4.0.0",
      "resolved": "https://registry.npmjs.org/strip-ansi/-/strip-ansi-3.0.1.tgz"
    },
    "strip-bom": {
      "version": "2.0.0",
      "from": "strip-bom@>=2.0.0 <3.0.0",
      "resolved": "http://maven.forgerock.org/repo/api/npm/npm-virtual/strip-bom/-/strip-bom-2.0.0.tgz"
    },
    "strip-indent": {
      "version": "1.0.1",
      "from": "strip-indent@>=1.0.1 <2.0.0",
      "resolved": "http://maven.forgerock.org/repo/api/npm/npm-virtual/strip-indent/-/strip-indent-1.0.1.tgz"
    },
    "supports-color": {
      "version": "2.0.0",
      "from": "supports-color@>=2.0.0 <3.0.0",
      "resolved": "http://maven.forgerock.org/repo/api/npm/npm-virtual/supports-color/-/supports-color-2.0.0.tgz"
    },
    "swagger-ui": {
      "version": "2.1.5",
      "from": "swagger-ui@2.1.5",
      "resolved": "https://registry.npmjs.org/swagger-ui/-/swagger-ui-2.1.5.tgz"
    },
    "swagger-ui-themes": {
      "version": "2.0.1",
      "from": "swagger-ui-themes@>=2.0.1 <3.0.0",
      "resolved": "https://registry.npmjs.org/swagger-ui-themes/-/swagger-ui-themes-2.0.1.tgz"
    },
    "trim-newlines": {
      "version": "1.0.0",
      "from": "trim-newlines@>=1.0.0 <2.0.0",
      "resolved": "http://maven.forgerock.org/repo/api/npm/npm-virtual/trim-newlines/-/trim-newlines-1.0.0.tgz"
    },
    "underscore.string": {
      "version": "3.2.3",
      "from": "underscore.string@>=3.2.3 <3.3.0",
      "resolved": "http://maven.forgerock.org/repo/api/npm/npm-virtual/underscore.string/-/underscore.string-3.2.3.tgz"
    },
    "validate-npm-package-license": {
      "version": "3.0.1",
      "from": "validate-npm-package-license@>=3.0.1 <4.0.0",
      "resolved": "http://maven.forgerock.org/repo/api/npm/npm-virtual/validate-npm-package-license/-/validate-npm-package-license-3.0.1.tgz"
    },
    "which": {
      "version": "1.2.10",
      "from": "which@>=1.2.1 <1.3.0",
      "resolved": "http://maven.forgerock.org/repo/api/npm/npm-virtual/which/-/which-1.2.10.tgz"
    },
    "wrappy": {
      "version": "1.0.2",
      "from": "wrappy@>=1.0.0 <2.0.0",
      "resolved": "https://registry.npmjs.org/wrappy/-/wrappy-1.0.2.tgz"
    }
  }
}
