{
  "name": "openam-ui-api",
  "version": "14.0.0",
  "dependencies": {
    "swagger-ui": {
      "version": "2.2.4",
      "from": "swagger-ui@2.2.4",
      "resolved": "http://maven.forgerock.org/repo/api/npm/npm-virtual/swagger-ui/-/swagger-ui-2.2.4.tgz"
    },
    "swagger-ui-themes": {
      "version": "2.0.1",
      "from": "swagger-ui-themes@2.0.1",
      "resolved": "http://maven.forgerock.org/repo/api/npm/npm-virtual/swagger-ui-themes/-/swagger-ui-themes-2.0.1.tgz"
    }
  }
}
